
Microsoft Visual Studio Solution File, Format Version 12.00
# Visual Studio Version 16
VisualStudioVersion = 16.0.30717.126
MinimumVisualStudioVersion = 10.0.40219.1
Project("{8BC9CEB8-8B4A-11D0-8D11-00A0C91BC942}") = "Project7_4", "Project7_4.vcxproj", "{D3924467-987D-49AC-8D0E-8C7B83BA7E8F}"
EndProject
Global
	GlobalSection(SolutionConfigurationPlatforms) = preSolution
		Debug|x64 = Debug|x64
		Debug|x86 = Debug|x86
		Release|x64 = Release|x64
		Release|x86 = Release|x86
	EndGlobalSection
	GlobalSection(ProjectConfigurationPlatforms) = postSolution
		{D3924467-987D-49AC-8D0E-8C7B83BA7E8F}.Debug|x64.ActiveCfg = Debug|x64
		{D3924467-987D-49AC-8D0E-8C7B83BA7E8F}.Debug|x64.Build.0 = Debug|x64
		{D3924467-987D-49AC-8D0E-8C7B83BA7E8F}.Debug|x86.ActiveCfg = Debug|Win32
		{D3924467-987D-49AC-8D0E-8C7B83BA7E8F}.Debug|x86.Build.0 = Debug|Win32
		{D3924467-987D-49AC-8D0E-8C7B83BA7E8F}.Release|x64.ActiveCfg = Release|x64
		{D3924467-987D-49AC-8D0E-8C7B83BA7E8F}.Release|x64.Build.0 = Release|x64
		{D3924467-987D-49AC-8D0E-8C7B83BA7E8F}.Release|x86.ActiveCfg = Release|Win32
		{D3924467-987D-49AC-8D0E-8C7B83BA7E8F}.Release|x86.Build.0 = Release|Win32
	EndGlobalSection
	GlobalSection(SolutionProperties) = preSolution
		HideSolutionNode = FALSE
	EndGlobalSection
	GlobalSection(ExtensibilityGlobals) = postSolution
		SolutionGuid = {6F81E0F0-AF48-4BD3-AE15-8201B47871EE}
	EndGlobalSection
EndGlobal
