
Microsoft Visual Studio Solution File, Format Version 12.00
# Visual Studio Version 16
VisualStudioVersion = 16.0.30717.126
MinimumVisualStudioVersion = 10.0.40219.1
Project("{8BC9CEB8-8B4A-11D0-8D11-00A0C91BC942}") = "Project13_2", "Project13_2.vcxproj", "{A4AE5D36-2344-41DB-8982-72CED140B73D}"
EndProject
Global
	GlobalSection(SolutionConfigurationPlatforms) = preSolution
		Debug|x64 = Debug|x64
		Debug|x86 = Debug|x86
		Release|x64 = Release|x64
		Release|x86 = Release|x86
	EndGlobalSection
	GlobalSection(ProjectConfigurationPlatforms) = postSolution
		{A4AE5D36-2344-41DB-8982-72CED140B73D}.Debug|x64.ActiveCfg = Debug|x64
		{A4AE5D36-2344-41DB-8982-72CED140B73D}.Debug|x64.Build.0 = Debug|x64
		{A4AE5D36-2344-41DB-8982-72CED140B73D}.Debug|x86.ActiveCfg = Debug|Win32
		{A4AE5D36-2344-41DB-8982-72CED140B73D}.Debug|x86.Build.0 = Debug|Win32
		{A4AE5D36-2344-41DB-8982-72CED140B73D}.Release|x64.ActiveCfg = Release|x64
		{A4AE5D36-2344-41DB-8982-72CED140B73D}.Release|x64.Build.0 = Release|x64
		{A4AE5D36-2344-41DB-8982-72CED140B73D}.Release|x86.ActiveCfg = Release|Win32
		{A4AE5D36-2344-41DB-8982-72CED140B73D}.Release|x86.Build.0 = Release|Win32
	EndGlobalSection
	GlobalSection(SolutionProperties) = preSolution
		HideSolutionNode = FALSE
	EndGlobalSection
	GlobalSection(ExtensibilityGlobals) = postSolution
		SolutionGuid = {9EF478F2-DBF1-4825-9630-A04FD39CD52C}
	EndGlobalSection
EndGlobal
