
Microsoft Visual Studio Solution File, Format Version 12.00
# Visual Studio Version 16
VisualStudioVersion = 16.0.30717.126
MinimumVisualStudioVersion = 10.0.40219.1
Project("{8BC9CEB8-8B4A-11D0-8D11-00A0C91BC942}") = "Project7_3", "Project7_3.vcxproj", "{CDDF5081-9022-43A1-97FB-C1D298C9E022}"
EndProject
Global
	GlobalSection(SolutionConfigurationPlatforms) = preSolution
		Debug|x64 = Debug|x64
		Debug|x86 = Debug|x86
		Release|x64 = Release|x64
		Release|x86 = Release|x86
	EndGlobalSection
	GlobalSection(ProjectConfigurationPlatforms) = postSolution
		{CDDF5081-9022-43A1-97FB-C1D298C9E022}.Debug|x64.ActiveCfg = Debug|x64
		{CDDF5081-9022-43A1-97FB-C1D298C9E022}.Debug|x64.Build.0 = Debug|x64
		{CDDF5081-9022-43A1-97FB-C1D298C9E022}.Debug|x86.ActiveCfg = Debug|Win32
		{CDDF5081-9022-43A1-97FB-C1D298C9E022}.Debug|x86.Build.0 = Debug|Win32
		{CDDF5081-9022-43A1-97FB-C1D298C9E022}.Release|x64.ActiveCfg = Release|x64
		{CDDF5081-9022-43A1-97FB-C1D298C9E022}.Release|x64.Build.0 = Release|x64
		{CDDF5081-9022-43A1-97FB-C1D298C9E022}.Release|x86.ActiveCfg = Release|Win32
		{CDDF5081-9022-43A1-97FB-C1D298C9E022}.Release|x86.Build.0 = Release|Win32
	EndGlobalSection
	GlobalSection(SolutionProperties) = preSolution
		HideSolutionNode = FALSE
	EndGlobalSection
	GlobalSection(ExtensibilityGlobals) = postSolution
		SolutionGuid = {78714507-6240-4A4C-891C-47E36A045C86}
	EndGlobalSection
EndGlobal
