
Microsoft Visual Studio Solution File, Format Version 12.00
# Visual Studio Version 16
VisualStudioVersion = 16.0.30621.155
MinimumVisualStudioVersion = 10.0.40219.1
Project("{8BC9CEB8-8B4A-11D0-8D11-00A0C91BC942}") = "Project4_3", "Project4_3.vcxproj", "{05D08591-EC4F-418F-85F0-4C033FFB8816}"
EndProject
Global
	GlobalSection(SolutionConfigurationPlatforms) = preSolution
		Debug|x64 = Debug|x64
		Debug|x86 = Debug|x86
		Release|x64 = Release|x64
		Release|x86 = Release|x86
	EndGlobalSection
	GlobalSection(ProjectConfigurationPlatforms) = postSolution
		{05D08591-EC4F-418F-85F0-4C033FFB8816}.Debug|x64.ActiveCfg = Debug|x64
		{05D08591-EC4F-418F-85F0-4C033FFB8816}.Debug|x64.Build.0 = Debug|x64
		{05D08591-EC4F-418F-85F0-4C033FFB8816}.Debug|x86.ActiveCfg = Debug|Win32
		{05D08591-EC4F-418F-85F0-4C033FFB8816}.Debug|x86.Build.0 = Debug|Win32
		{05D08591-EC4F-418F-85F0-4C033FFB8816}.Release|x64.ActiveCfg = Release|x64
		{05D08591-EC4F-418F-85F0-4C033FFB8816}.Release|x64.Build.0 = Release|x64
		{05D08591-EC4F-418F-85F0-4C033FFB8816}.Release|x86.ActiveCfg = Release|Win32
		{05D08591-EC4F-418F-85F0-4C033FFB8816}.Release|x86.Build.0 = Release|Win32
	EndGlobalSection
	GlobalSection(SolutionProperties) = preSolution
		HideSolutionNode = FALSE
	EndGlobalSection
	GlobalSection(ExtensibilityGlobals) = postSolution
		SolutionGuid = {DA082FF9-6448-475B-86BC-9F36029DA14B}
	EndGlobalSection
EndGlobal
